
Microsoft Visual Studio Solution File, Format Version 12.00
Project("{FAE04EC0-301F-11D3-BF4B-00C04F79EFBC}") = "RpcCoreSharedPublic", "RpcCoreSharedPublic\RpcCoreSharedPublic.csproj", "{89BCB642-4A07-4FF7-AB87-563139C89299}"
EndProject
Project("{FAE04EC0-301F-11D3-BF4B-00C04F79EFBC}") = "RpcCoreSharedPublicTest", "RpcCoreSharedPublicTest\RpcCoreSharedPublicTest.csproj", "{B27FB249-8F08-4808-9229-2F5B3457A327}"
EndProject
Global
	GlobalSection(SolutionConfigurationPlatforms) = preSolution
		Debug|Any CPU = Debug|Any CPU
		Release|Any CPU = Release|Any CPU
	EndGlobalSection
	GlobalSection(ProjectConfigurationPlatforms) = postSolution
		{89BCB642-4A07-4FF7-AB87-563139C89299}.Debug|Any CPU.ActiveCfg = Debug|Any CPU
		{89BCB642-4A07-4FF7-AB87-563139C89299}.Debug|Any CPU.Build.0 = Debug|Any CPU
		{89BCB642-4A07-4FF7-AB87-563139C89299}.Release|Any CPU.ActiveCfg = Release|Any CPU
		{89BCB642-4A07-4FF7-AB87-563139C89299}.Release|Any CPU.Build.0 = Release|Any CPU
		{B27FB249-8F08-4808-9229-2F5B3457A327}.Debug|Any CPU.ActiveCfg = Debug|Any CPU
		{B27FB249-8F08-4808-9229-2F5B3457A327}.Debug|Any CPU.Build.0 = Debug|Any CPU
		{B27FB249-8F08-4808-9229-2F5B3457A327}.Release|Any CPU.ActiveCfg = Release|Any CPU
		{B27FB249-8F08-4808-9229-2F5B3457A327}.Release|Any CPU.Build.0 = Release|Any CPU
	EndGlobalSection
EndGlobal
